{
  "name": "dieti-estates-2025",
  "version": "1.0.0",
  "lockfileVersion": 3,
  "requires": true,
  "packages": {
    "": {
      "name": "dieti-estates-2025",
      "version": "1.0.0",
      "license": "ISC",
      "workspaces": [
        "backend",
        "common",
        "frontend"
      ],
      "devDependencies": {
        "@types/node": "^25.5.2",
        "typescript": "^6.0.2"
      }
    },
    "backend": {
      "name": "@dieti-estates-2025/backend",
      "version": "1.0.0",
      "license": "ISC",
      "dependencies": {
        "@dieti-estates-2025/common": "^1.0.0"
      },
      "devDependencies": {
        "@types/node": "^25.5.0",
        "typescript": "^6.0.2"
      }
    },
    "common": {
      "name": "@dieti-estates-2025/common",
      "version": "1.0.0",
      "license": "ISC",
      "devDependencies": {
        "@types/node": "^25.5.0",
        "typescript": "^6.0.2"
      }
    },
    "node_modules/@dieti-estates-2025/backend": {
      "resolved": "backend",
      "link": true
    },
    "node_modules/@dieti-estates-2025/common": {
      "resolved": "common",
      "link": true
    },
    "node_modules/@types/node": {
      "version": "25.5.2",
      "dev": true,
      "license": "MIT",
      "dependencies": {
        "undici-types": "~7.18.0"
      }
    },
    "node_modules/typescript": {
      "version": "6.0.2",
      "dev": true,
      "license": "Apache-2.0",
      "peer": true,
      "bin": {
        "tsc": "bin/tsc",
        "tsserver": "bin/tsserver"
      },
      "engines": {
        "node": ">=14.17"
      }
    },
    "node_modules/undici-types": {
      "version": "7.18.2",
      "dev": true,
      "license": "MIT"
    }
  }
}
